// !$*UTF8*$!
{
	archiveVersion = 1;
	classes = {
	};
	objectVersion = 46;
	objects = {

/* Begin PBXBuildFile section */
		08C973AC1A172D6700AB154F /* AppDelegate.swift in Sources */ = {isa = PBXBuildFile; fileRef = 08C973AB1A172D6700AB154F /* AppDelegate.swift */; };
		08C973AE1A172D6700AB154F /* ViewController.swift in Sources */ = {isa = PBXBuildFile; fileRef = 08C973AD1A172D6700AB154F /* ViewController.swift */; };
		08C973B11A172D6700AB154F /* Main.storyboard in Resources */ = {isa = PBXBuildFile; fileRef = 08C973AF1A172D6700AB154F /* Main.storyboard */; };
		08C973B31A172D6700AB154F /* Images.xcassets in Resources */ = {isa = PBXBuildFile; fileRef = 08C973B21A172D6700AB154F /* Images.xcassets */; };
		08C973BF1A172D6700AB154F /* CountTests.swift in Sources */ = {isa = PBXBuildFile; fileRef = 08C973BE1A172D6700AB154F /* CountTests.swift */; };
/* End PBXBuildFile section */

/* Begin PBXContainerItemProxy section */
		08C973B91A172D6700AB154F /* PBXContainerItemProxy */ = {
			isa = PBXContainerItemProxy;
			containerPortal = 08C9739E1A172D6700AB154F /* Project object */;
			proxyType = 1;
			remoteGlobalIDString = 08C973A51A172D6700AB154F;
			remoteInfo = Count;
		};
/* End PBXContainerItemProxy section */

/* Begin PBXFileReference section */
		08C973A61A172D6700AB154F /* Count.app */ = {isa = PBXFileReference; explicitFileType = wrapper.application; includeInIndex = 0; path = Count.app; sourceTree = BUILT_PRODUCTS_DIR; };
		08C973AA1A172D6700AB154F /* Info.plist */ = {isa = PBXFileReference; lastKnownFileType = text.plist.xml; path = Info.plist; sourceTree = "<group>"; };
		08C973AB1A172D6700AB154F /* AppDelegate.swift */ = {isa = PBXFileReference; lastKnownFileType = sourcecode.swift; path = AppDelegate.swift; sourceTree = "<group>"; };
		08C973AD1A172D6700AB154F /* ViewController.swift */ = {isa = PBXFileReference; lastKnownFileType = sourcecode.swift; path = ViewController.swift; sourceTree = "<group>"; };
		08C973B01A172D6700AB154F /* Base */ = {isa = PBXFileReference; lastKnownFileType = file.storyboard; name = Base; path = Base.lproj/Main.storyboard; sourceTree = "<group>"; };
		08C973B21A172D6700AB154F /* Images.xcassets */ = {isa = PBXFileReference; lastKnownFileType = folder.assetcatalog; path = Images.xcassets; sourceTree = "<group>"; };
		08C973B81A172D6700AB154F /* CountTests.xctest */ = {isa = PBXFileReference; explicitFileType = wrapper.cfbundle; includeInIndex = 0; path = CountTests.xctest; sourceTree = BUILT_PRODUCTS_DIR; };
		08C973BD1A172D6700AB154F /* Info.plist */ = {isa = PBXFileReference; lastKnownFileType = text.plist.xml; path = Info.plist; sourceTree = "<group>"; };
		08C973BE1A172D6700AB154F /* CountTests.swift */ = {isa = PBXFileReference; lastKnownFileType = sourcecode.swift; path = CountTests.swift; sourceTree = "<group>"; };
/* End PBXFileReference section */

/* Begin PBXFrameworksBuildPhase section */
		08C973A31A172D6700AB154F /* Frameworks */ = {
			isa = PBXFrameworksBuildPhase;
			buildActionMask = 2147483647;
			files = (
			);
			runOnlyForDeploymentPostprocessing = 0;
		};
		08C973B51A172D6700AB154F /* Frameworks */ = {
			isa = PBXFrameworksBuildPhase;
			buildActionMask = 2147483647;
			files = (
			);
			runOnlyForDeploymentPostprocessing = 0;
		};
/* End PBXFrameworksBuildPhase section */

/* Begin PBXGroup section */
		08C9739D1A172D6700AB154F = {
			isa = PBXGroup;
			children = (
				08C973A81A172D6700AB154F /* Count */,
				08C973BB1A172D6700AB154F /* CountTests */,
				08C973A71A172D6700AB154F /* Products */,
			);
			sourceTree = "<group>";
		};
		08C973A71A172D6700AB154F /* Products */ = {
			isa = PBXGroup;
			children = (
				08C973A61A172D6700AB154F /* Count.app */,
				08C973B81A172D6700AB154F /* CountTests.xctest */,
			);
			name = Products;
			sourceTree = "<group>";
		};
		08C973A81A172D6700AB154F /* Count */ = {
			isa = PBXGroup;
			children = (
				08C973AB1A172D6700AB154F /* AppDelegate.swift */,
				08C973AD1A172D6700AB154F /* ViewController.swift */,
				08C973AF1A172D6700AB154F /* Main.storyboard */,
				08C973B21A172D6700AB154F /* Images.xcassets */,
				08C973A91A172D6700AB154F /* Supporting Files */,
			);
			path = Count;
			sourceTree = "<group>";
		};
		08C973A91A172D6700AB154F /* Supporting Files */ = {
			isa = PBXGroup;
			children = (
				08C973AA1A172D6700AB154F /* Info.plist */,
			);
			name = "Supporting Files";
			sourceTree = "<group>";
		};
		08C973BB1A172D6700AB154F /* CountTests */ = {
			isa = PBXGroup;
			children = (
				08C973BE1A172D6700AB154F /* CountTests.swift */,
				08C973BC1A172D6700AB154F /* Supporting Files */,
			);
			path = CountTests;
			sourceTree = "<group>";
		};
		08C973BC1A172D6700AB154F /* Supporting Files */ = {
			isa = PBXGroup;
			children = (
				08C973BD1A172D6700AB154F /* Info.plist */,
			);
			name = "Supporting Files";
			sourceTree = "<group>";
		};
/* End PBXGroup section */

/* Begin PBXNativeTarget section */
		08C973A51A172D6700AB154F /* Count */ = {
			isa = PBXNativeTarget;
			buildConfigurationList = 08C973C21A172D6700AB154F /* Build configuration list for PBXNativeTarget "Count" */;
			buildPhases = (
				08C973A21A172D6700AB154F /* Sources */,
				08C973A31A172D6700AB154F /* Frameworks */,
				08C973A41A172D6700AB154F /* Resources */,
			);
			buildRules = (
			);
			dependencies = (
			);
			name = Count;
			productName = Count;
			productReference = 08C973A61A172D6700AB154F /* Count.app */;
			productType = "com.apple.product-type.application";
		};
		08C973B71A172D6700AB154F /* CountTests */ = {
			isa = PBXNativeTarget;
			buildConfigurationList = 08C973C51A172D6700AB154F /* Build configuration list for PBXNativeTarget "CountTests" */;
			buildPhases = (
				08C973B41A172D6700AB154F /* Sources */,
				08C973B51A172D6700AB154F /* Frameworks */,
				08C973B61A172D6700AB154F /* Resources */,
			);
			buildRules = (
			);
			dependencies = (
				08C973BA1A172D6700AB154F /* PBXTargetDependency */,
			);
			name = CountTests;
			productName = CountTests;
			productReference = 08C973B81A172D6700AB154F /* CountTests.xctest */;
			productType = "com.apple.product-type.bundle.unit-test";
		};
/* End PBXNativeTarget section */

/* Begin PBXProject section */
		08C9739E1A172D6700AB154F /* Project object */ = {
			isa = PBXProject;
			attributes = {
				LastUpgradeCheck = 0600;
				ORGANIZATIONNAME = "Life is tech";
				TargetAttributes = {
					08C973A51A172D6700AB154F = {
						CreatedOnToolsVersion = 6.0;
					};
					08C973B71A172D6700AB154F = {
						CreatedOnToolsVersion = 6.0;
						TestTargetID = 08C973A51A172D6700AB154F;
					};
				};
			};
			buildConfigurationList = 08C973A11A172D6700AB154F /* Build configuration list for PBXProject "Count" */;
			compatibilityVersion = "Xcode 3.2";
			developmentRegion = English;
			hasScannedForEncodings = 0;
			knownRegions = (
				en,
				Base,
			);
			mainGroup = 08C9739D1A172D6700AB154F;
			productRefGroup = 08C973A71A172D6700AB154F /* Products */;
			projectDirPath = "";
			projectRoot = "";
			targets = (
				08C973A51A172D6700AB154F /* Count */,
				08C973B71A172D6700AB154F /* CountTests */,
			);
		};
/* End PBXProject section */

/* Begin PBXResourcesBuildPhase section */
		08C973A41A172D6700AB154F /* Resources */ = {
			isa = PBXResourcesBuildPhase;
			buildActionMask = 2147483647;
			files = (
				08C973B11A172D6700AB154F /* Main.storyboard in Resources */,
				08C973B31A172D6700AB154F /* Images.xcassets in Resources */,
			);
			runOnlyForDeploymentPostprocessing = 0;
		};
		08C973B61A172D6700AB154F /* Resources */ = {
			isa = PBXResourcesBuildPhase;
			buildActionMask = 2147483647;
			files = (
			);
			runOnlyForDeploymentPostprocessing = 0;
		};
/* End PBXResourcesBuildPhase section */

/* Begin PBXSourcesBuildPhase section */
		08C973A21A172D6700AB154F /* Sources */ = {
			isa = PBXSourcesBuildPhase;
			buildActionMask = 2147483647;
			files = (
				08C973AE1A172D6700AB154F /* ViewController.swift in Sources */,
				08C973AC1A172D6700AB154F /* AppDelegate.swift in Sources */,
			);
			runOnlyForDeploymentPostprocessing = 0;
		};
		08C973B41A172D6700AB154F /* Sources */ = {
			isa = PBXSourcesBuildPhase;
			buildActionMask = 2147483647;
			files = (
				08C973BF1A172D6700AB154F /* CountTests.swift in Sources */,
			);
			runOnlyForDeploymentPostprocessing = 0;
		};
/* End PBXSourcesBuildPhase section */

/* Begin PBXTargetDependency section */
		08C973BA1A172D6700AB154F /* PBXTargetDependency */ = {
			isa = PBXTargetDependency;
			target = 08C973A51A172D6700AB154F /* Count */;
			targetProxy = 08C973B91A172D6700AB154F /* PBXContainerItemProxy */;
		};
/* End PBXTargetDependency section */

/* Begin PBXVariantGroup section */
		08C973AF1A172D6700AB154F /* Main.storyboard */ = {
			isa = PBXVariantGroup;
			children = (
				08C973B01A172D6700AB154F /* Base */,
			);
			name = Main.storyboard;
			sourceTree = "<group>";
		};
/* End PBXVariantGroup section */

/* Begin XCBuildConfiguration section */
		08C973C01A172D6700AB154F /* Debug */ = {
			isa = XCBuildConfiguration;
			buildSettings = {
				ALWAYS_SEARCH_USER_PATHS = NO;
				CLANG_CXX_LANGUAGE_STANDARD = "gnu++0x";
				CLANG_CXX_LIBRARY = "libc++";
				CLANG_ENABLE_MODULES = YES;
				CLANG_ENABLE_OBJC_ARC = YES;
				CLANG_WARN_BOOL_CONVERSION = YES;
				CLANG_WARN_CONSTANT_CONVERSION = YES;
				CLANG_WARN_DIRECT_OBJC_ISA_USAGE = YES_ERROR;
				CLANG_WARN_EMPTY_BODY = YES;
				CLANG_WARN_ENUM_CONVERSION = YES;
				CLANG_WARN_INT_CONVERSION = YES;
				CLANG_WARN_OBJC_ROOT_CLASS = YES_ERROR;
				CLANG_WARN_UNREACHABLE_CODE = YES;
				CLANG_WARN__DUPLICATE_METHOD_MATCH = YES;
				"CODE_SIGN_IDENTITY[sdk=iphoneos*]" = "iPhone Developer";
				COPY_PHASE_STRIP = NO;
				ENABLE_STRICT_OBJC_MSGSEND = YES;
				GCC_C_LANGUAGE_STANDARD = gnu99;
				GCC_DYNAMIC_NO_PIC = NO;
				GCC_OPTIMIZATION_LEVEL = 0;
				GCC_PREPROCESSOR_DEFINITIONS = (
					"DEBUG=1",
					"$(inherited)",
				);
				GCC_SYMBOLS_PRIVATE_EXTERN = NO;
				GCC_WARN_64_TO_32_BIT_CONVERSION = YES;
				GCC_WARN_ABOUT_RETURN_TYPE = YES_ERROR;
				GCC_WARN_UNDECLARED_SELECTOR = YES;
				GCC_WARN_UNINITIALIZED_AUTOS = YES_AGGRESSIVE;
				GCC_WARN_UNUSED_FUNCTION = YES;
				GCC_WARN_UNUSED_VARIABLE = YES;
				IPHONEOS_DEPLOYMENT_TARGET = 8.0;
				METAL_ENABLE_DEBUG_INFO = YES;
				ONLY_ACTIVE_ARCH = YES;
				SDKROOT = iphoneos;
				SWIFT_OPTIMIZATION_LEVEL = "-Onone";
			};
			name = Debug;
		};
		08C973C11A172D6700AB154F /* Release */ = {
			isa = XCBuildConfiguration;
			buildSettings = {
				ALWAYS_SEARCH_USER_PATHS = NO;
				CLANG_CXX_LANGUAGE_STANDARD = "gnu++0x";
				CLANG_CXX_LIBRARY = "libc++";
				CLANG_ENABLE_MODULES = YES;
				CLANG_ENABLE_OBJC_ARC = YES;
				CLANG_WARN_BOOL_CONVERSION = YES;
				CLANG_WARN_CONSTANT_CONVERSION = YES;
				CLANG_WARN_DIRECT_OBJC_ISA_USAGE = YES_ERROR;
				CLANG_WARN_EMPTY_BODY = YES;
				CLANG_WARN_ENUM_CONVERSION = YES;
				CLANG_WARN_INT_CONVERSION = YES;
				CLANG_WARN_OBJC_ROOT_CLASS = YES_ERROR;
				CLANG_WARN_UNREACHABLE_CODE = YES;
				CLANG_WARN__DUPLICATE_METHOD_MATCH = YES;
				"CODE_SIGN_IDENTITY[sdk=iphoneos*]" = "iPhone Developer";
				COPY_PHASE_STRIP = YES;
				ENABLE_NS_ASSERTIONS = NO;
				ENABLE_STRICT_OBJC_MSGSEND = YES;
				GCC_C_LANGUAGE_STANDARD = gnu99;
				GCC_WARN_64_TO_32_BIT_CONVERSION = YES;
				GCC_WARN_ABOUT_RETURN_TYPE = YES_ERROR;
				GCC_WARN_UNDECLARED_SELECTOR = YES;
				GCC_WARN_UNINITIALIZED_AUTOS = YES_AGGRESSIVE;
				GCC_WARN_UNUSED_FUNCTION = YES;
				GCC_WARN_UNUSED_VARIABLE = YES;
				IPHONEOS_DEPLOYMENT_TARGET = 8.0;
				METAL_ENABLE_DEBUG_INFO = NO;
				SDKROOT = iphoneos;
				VALIDATE_PRODUCT = YES;
			};
			name = Release;
		};
		08C973C31A172D6700AB154F /* Debug */ = {
			isa = XCBuildConfiguration;
			buildSettings = {
				ASSETCATALOG_COMPILER_APPICON_NAME = AppIcon;
				ASSETCATALOG_COMPILER_LAUNCHIMAGE_NAME = LaunchImage;
				INFOPLIST_FILE = Count/Info.plist;
				LD_RUNPATH_SEARCH_PATHS = "$(inherited) @executable_path/Frameworks";
				PRODUCT_NAME = "$(TARGET_NAME)";
			};
			name = Debug;
		};
		08C973C41A172D6700AB154F /* Release */ = {
			isa = XCBuildConfiguration;
			buildSettings = {
				ASSETCATALOG_COMPILER_APPICON_NAME = AppIcon;
				ASSETCATALOG_COMPILER_LAUNCHIMAGE_NAME = LaunchImage;
				INFOPLIST_FILE = Count/Info.plist;
				LD_RUNPATH_SEARCH_PATHS = "$(inherited) @executable_path/Frameworks";
				PRODUCT_NAME = "$(TARGET_NAME)";
			};
			name = Release;
		};
		08C973C61A172D6700AB154F /* Debug */ = {
			isa = XCBuildConfiguration;
			buildSettings = {
				BUNDLE_LOADER = "$(BUILT_PRODUCTS_DIR)/Count.app/Count";
				FRAMEWORK_SEARCH_PATHS = (
					"$(SDKROOT)/Developer/Library/Frameworks",
					"$(inherited)",
				);
				GCC_PREPROCESSOR_DEFINITIONS = (
					"DEBUG=1",
					"$(inherited)",
				);
				INFOPLIST_FILE = CountTests/Info.plist;
				LD_RUNPATH_SEARCH_PATHS = "$(inherited) @executable_path/Frameworks @loader_path/Frameworks";
				METAL_ENABLE_DEBUG_INFO = YES;
				PRODUCT_NAME = "$(TARGET_NAME)";
				TEST_HOST = "$(BUNDLE_LOADER)";
			};
			name = Debug;
		};
		08C973C71A172D6700AB154F /* Release */ = {
			isa = XCBuildConfiguration;
			buildSettings = {
				BUNDLE_LOADER = "$(BUILT_PRODUCTS_DIR)/Count.app/Count";
				FRAMEWORK_SEARCH_PATHS = (
					"$(SDKROOT)/Developer/Library/Frameworks",
					"$(inherited)",
				);
				INFOPLIST_FILE = CountTests/Info.plist;
				LD_RUNPATH_SEARCH_PATHS = "$(inherited) @executable_path/Frameworks @loader_path/Frameworks";
				METAL_ENABLE_DEBUG_INFO = NO;
				PRODUCT_NAME = "$(TARGET_NAME)";
				TEST_HOST = "$(BUNDLE_LOADER)";
			};
			name = Release;
		};
/* End XCBuildConfiguration section */

/* Begin XCConfigurationList section */
		08C973A11A172D6700AB154F /* Build configuration list for PBXProject "Count" */ = {
			isa = XCConfigurationList;
			buildConfigurations = (
				08C973C01A172D6700AB154F /* Debug */,
				08C973C11A172D6700AB154F /* Release */,
			);
			defaultConfigurationIsVisible = 0;
			defaultConfigurationName = Release;
		};
		08C973C21A172D6700AB154F /* Build configuration list for PBXNativeTarget "Count" */ = {
			isa = XCConfigurationList;
			buildConfigurations = (
				08C973C31A172D6700AB154F /* Debug */,
				08C973C41A172D6700AB154F /* Release */,
			);
			defaultConfigurationIsVisible = 0;
		};
		08C973C51A172D6700AB154F /* Build configuration list for PBXNativeTarget "CountTests" */ = {
			isa = XCConfigurationList;
			buildConfigurations = (
				08C973C61A172D6700AB154F /* Debug */,
				08C973C71A172D6700AB154F /* Release */,
			);
			defaultConfigurationIsVisible = 0;
		};
/* End XCConfigurationList section */
	};
	rootObject = 08C9739E1A172D6700AB154F /* Project object */;
}
